
Microsoft Visual Studio Solution File, Format Version 12.00
# Visual Studio Version 16
VisualStudioVersion = 16.0.31729.503
MinimumVisualStudioVersion = 10.0.40219.1
Project("{FAE04EC0-301F-11D3-BF4B-00C04F79EFBC}") = "ColegioHogwarts.Api", "ColegioHogwarts.Api\ColegioHogwarts.Api.csproj", "{A10D5CB5-DD1E-47C7-AD50-FD53B2886BCE}"
EndProject
Project("{FAE04EC0-301F-11D3-BF4B-00C04F79EFBC}") = "ColegioHogwarts.Core", "ColegioHogwarts.Core\ColegioHogwarts.Core.csproj", "{F7EDA078-4378-4E05-95A2-185AC804933A}"
EndProject
Project("{FAE04EC0-301F-11D3-BF4B-00C04F79EFBC}") = "ColegioHogwarts.Infraestructure", "ColegioHogwarts.Infraestructure\ColegioHogwarts.Infraestructure.csproj", "{BEC474FF-6DB8-416E-ADF9-57D9A93F3CB9}"
EndProject
Project("{2150E333-8FDC-42A3-9474-1A3956D46DE8}") = "Tests", "Tests", "{3FAD5C78-CE2E-4094-8843-1A35C238077E}"
EndProject
Project("{FAE04EC0-301F-11D3-BF4B-00C04F79EFBC}") = "ColegioHogwarts.UnitTests", "ColegioHogwarts.UnitTests\ColegioHogwarts.UnitTests.csproj", "{D74DC782-7D0D-4DF5-95CA-DED682AA9680}"
EndProject
Project("{FAE04EC0-301F-11D3-BF4B-00C04F79EFBC}") = "ColegioHogwarts.IntegrationTests", "ColegioHogwarts.IntegrationTests\ColegioHogwarts.IntegrationTests.csproj", "{FD0CCBFA-6179-4DDA-BB46-4B4643D258BC}"
EndProject
Global
	GlobalSection(SolutionConfigurationPlatforms) = preSolution
		Debug|Any CPU = Debug|Any CPU
		Release|Any CPU = Release|Any CPU
	EndGlobalSection
	GlobalSection(ProjectConfigurationPlatforms) = postSolution
		{A10D5CB5-DD1E-47C7-AD50-FD53B2886BCE}.Debug|Any CPU.ActiveCfg = Debug|Any CPU
		{A10D5CB5-DD1E-47C7-AD50-FD53B2886BCE}.Debug|Any CPU.Build.0 = Debug|Any CPU
		{A10D5CB5-DD1E-47C7-AD50-FD53B2886BCE}.Release|Any CPU.ActiveCfg = Release|Any CPU
		{A10D5CB5-DD1E-47C7-AD50-FD53B2886BCE}.Release|Any CPU.Build.0 = Release|Any CPU
		{F7EDA078-4378-4E05-95A2-185AC804933A}.Debug|Any CPU.ActiveCfg = Debug|Any CPU
		{F7EDA078-4378-4E05-95A2-185AC804933A}.Debug|Any CPU.Build.0 = Debug|Any CPU
		{F7EDA078-4378-4E05-95A2-185AC804933A}.Release|Any CPU.ActiveCfg = Release|Any CPU
		{F7EDA078-4378-4E05-95A2-185AC804933A}.Release|Any CPU.Build.0 = Release|Any CPU
		{BEC474FF-6DB8-416E-ADF9-57D9A93F3CB9}.Debug|Any CPU.ActiveCfg = Debug|Any CPU
		{BEC474FF-6DB8-416E-ADF9-57D9A93F3CB9}.Debug|Any CPU.Build.0 = Debug|Any CPU
		{BEC474FF-6DB8-416E-ADF9-57D9A93F3CB9}.Release|Any CPU.ActiveCfg = Release|Any CPU
		{BEC474FF-6DB8-416E-ADF9-57D9A93F3CB9}.Release|Any CPU.Build.0 = Release|Any CPU
		{D74DC782-7D0D-4DF5-95CA-DED682AA9680}.Debug|Any CPU.ActiveCfg = Debug|Any CPU
		{D74DC782-7D0D-4DF5-95CA-DED682AA9680}.Debug|Any CPU.Build.0 = Debug|Any CPU
		{D74DC782-7D0D-4DF5-95CA-DED682AA9680}.Release|Any CPU.ActiveCfg = Release|Any CPU
		{D74DC782-7D0D-4DF5-95CA-DED682AA9680}.Release|Any CPU.Build.0 = Release|Any CPU
		{FD0CCBFA-6179-4DDA-BB46-4B4643D258BC}.Debug|Any CPU.ActiveCfg = Debug|Any CPU
		{FD0CCBFA-6179-4DDA-BB46-4B4643D258BC}.Debug|Any CPU.Build.0 = Debug|Any CPU
		{FD0CCBFA-6179-4DDA-BB46-4B4643D258BC}.Release|Any CPU.ActiveCfg = Release|Any CPU
		{FD0CCBFA-6179-4DDA-BB46-4B4643D258BC}.Release|Any CPU.Build.0 = Release|Any CPU
	EndGlobalSection
	GlobalSection(SolutionProperties) = preSolution
		HideSolutionNode = FALSE
	EndGlobalSection
	GlobalSection(NestedProjects) = preSolution
		{D74DC782-7D0D-4DF5-95CA-DED682AA9680} = {3FAD5C78-CE2E-4094-8843-1A35C238077E}
		{FD0CCBFA-6179-4DDA-BB46-4B4643D258BC} = {3FAD5C78-CE2E-4094-8843-1A35C238077E}
	EndGlobalSection
	GlobalSection(ExtensibilityGlobals) = postSolution
		SolutionGuid = {3C77F1C4-D7E3-4DC7-9EA7-6F0D69672392}
	EndGlobalSection
EndGlobal
